
Microsoft Visual Studio Solution File, Format Version 12.00
# Visual Studio Version 17
VisualStudioVersion = 17.5.33627.172
MinimumVisualStudioVersion = 10.0.40219.1
Project("{FAE04EC0-301F-11D3-BF4B-00C04F79EFBC}") = "Web_Test", "Web_Test\Web_Test.csproj", "{1DC76C37-DD2E-489A-AC5F-2B7AD8CB0D89}"
EndProject
Global
	GlobalSection(SolutionConfigurationPlatforms) = preSolution
		Debug|Any CPU = Debug|Any CPU
		Release|Any CPU = Release|Any CPU
	EndGlobalSection
	GlobalSection(ProjectConfigurationPlatforms) = postSolution
		{1DC76C37-DD2E-489A-AC5F-2B7AD8CB0D89}.Debug|Any CPU.ActiveCfg = Debug|Any CPU
		{1DC76C37-DD2E-489A-AC5F-2B7AD8CB0D89}.Debug|Any CPU.Build.0 = Debug|Any CPU
		{1DC76C37-DD2E-489A-AC5F-2B7AD8CB0D89}.Release|Any CPU.ActiveCfg = Release|Any CPU
		{1DC76C37-DD2E-489A-AC5F-2B7AD8CB0D89}.Release|Any CPU.Build.0 = Release|Any CPU
	EndGlobalSection
	GlobalSection(SolutionProperties) = preSolution
		HideSolutionNode = FALSE
	EndGlobalSection
	GlobalSection(ExtensibilityGlobals) = postSolution
		SolutionGuid = {DA3541C5-7777-4687-8AEE-D6715F3CCE06}
	EndGlobalSection
EndGlobal
